
Microsoft Visual Studio Solution File, Format Version 12.00
# Visual Studio Version 16
VisualStudioVersion = 16.0.30907.101
MinimumVisualStudioVersion = 10.0.40219.1
Project("{FAE04EC0-301F-11D3-BF4B-00C04F79EFBC}") = "RockyDemo", "RockyDemo.csproj", "{B0765BB5-15CA-4474-8D1C-D0140D88954C}"
EndProject
Global
	GlobalSection(SolutionConfigurationPlatforms) = preSolution
		Debug|Any CPU = Debug|Any CPU
		Release|Any CPU = Release|Any CPU
	EndGlobalSection
	GlobalSection(ProjectConfigurationPlatforms) = postSolution
		{B0765BB5-15CA-4474-8D1C-D0140D88954C}.Debug|Any CPU.ActiveCfg = Debug|Any CPU
		{B0765BB5-15CA-4474-8D1C-D0140D88954C}.Debug|Any CPU.Build.0 = Debug|Any CPU
		{B0765BB5-15CA-4474-8D1C-D0140D88954C}.Release|Any CPU.ActiveCfg = Release|Any CPU
		{B0765BB5-15CA-4474-8D1C-D0140D88954C}.Release|Any CPU.Build.0 = Release|Any CPU
	EndGlobalSection
	GlobalSection(SolutionProperties) = preSolution
		HideSolutionNode = FALSE
	EndGlobalSection
	GlobalSection(ExtensibilityGlobals) = postSolution
		SolutionGuid = {452205A3-B14D-4861-BA94-6B4E2A13D9B8}
	EndGlobalSection
EndGlobal
